{
  "name": "railswitch",
  "lockfileVersion": 3,
  "requires": true,
  "packages": {
    "": {
      "dependencies": {
        "railswitch": "^0.1.0"
      }
    },
    "node_modules/railswitch": {
      "version": "0.1.0",
      "resolved": "https://registry.npmjs.org/railswitch/-/railswitch-0.1.0.tgz",
      "integrity": "sha512-HyvmjTLJJgmfGe9h7KJLv9uty+N/sQwTicQq5TmOBoryfPsd0jei5OzHSVHzZdDo/wtLu9lex0egHQoyu+/2uQ==",
      "license": "MIT"
    }
  }
}
